
Microsoft Visual Studio Solution File, Format Version 12.00
# Visual Studio Version 17
VisualStudioVersion = 17.4.32804.182
MinimumVisualStudioVersion = 10.0.40219.1
Project("{FAE04EC0-301F-11D3-BF4B-00C04F79EFBC}") = "2DBinPacking", "2DBinPacking\2DBinPacking.csproj", "{3D7303C3-4B91-4AA3-B352-45A9190F7ECD}"
EndProject
Global
	GlobalSection(SolutionConfigurationPlatforms) = preSolution
		Debug|Any CPU = Debug|Any CPU
		Release|Any CPU = Release|Any CPU
	EndGlobalSection
	GlobalSection(ProjectConfigurationPlatforms) = postSolution
		{3D7303C3-4B91-4AA3-B352-45A9190F7ECD}.Debug|Any CPU.ActiveCfg = Debug|Any CPU
		{3D7303C3-4B91-4AA3-B352-45A9190F7ECD}.Debug|Any CPU.Build.0 = Debug|Any CPU
		{3D7303C3-4B91-4AA3-B352-45A9190F7ECD}.Release|Any CPU.ActiveCfg = Release|Any CPU
		{3D7303C3-4B91-4AA3-B352-45A9190F7ECD}.Release|Any CPU.Build.0 = Release|Any CPU
	EndGlobalSection
	GlobalSection(SolutionProperties) = preSolution
		HideSolutionNode = FALSE
	EndGlobalSection
	GlobalSection(ExtensibilityGlobals) = postSolution
		SolutionGuid = {E93D5212-BB18-4958-9039-50B82C0CA1E0}
	EndGlobalSection
EndGlobal
